{
  "name": "@jlrwi/requestors",
  "version": "3.0.0",
  "lockfileVersion": 2,
  "requires": true,
  "packages": {
    "": {
      "name": "@jlrwi/requestors",
      "version": "3.0.0",
      "license": "ISC",
      "dependencies": {
        "@jlrwi/combinators": "github:jlrwi/combinators",
        "@jlrwi/curried-parseq": "github:jlrwi/curried-parseq",
        "@jlrwi/esfunctions": "github:jlrwi/esfunctions",
        "@jlrwi/functional-timers": "github:jlrwi/functional-timers"
      }
    },
    "node_modules/@jlrwi/combinators": {
      "version": "1.2.0",
      "resolved": "git+ssh://git@github.com/jlrwi/combinators.git#0d883dd0de85acc1c93a058308d21b1df2a4e7f7",
      "license": "ISC"
    },
    "node_modules/@jlrwi/curried-parseq": {
      "version": "1.0.0",
      "resolved": "git+ssh://git@github.com/jlrwi/curried-parseq.git#4cc8c056e91a82e2b54a1eeb4f43b048ec204253",
      "license": "ISC"
    },
    "node_modules/@jlrwi/esfunctions": {
      "version": "4.2.0",
      "resolved": "git+ssh://git@github.com/jlrwi/esfunctions.git#34c87ab3b0ab91490f00c3e74f7cefb485100a39",
      "license": "ISC"
    },
    "node_modules/@jlrwi/functional-timers": {
      "version": "1.0.0",
      "resolved": "git+ssh://git@github.com/jlrwi/functional-timers.git#fac5d9fafdb7fa623f81b6f3a864115c995cf5dd",
      "license": "ISC"
    }
  },
  "dependencies": {
    "@jlrwi/combinators": {
      "version": "git+ssh://git@github.com/jlrwi/combinators.git#0d883dd0de85acc1c93a058308d21b1df2a4e7f7",
      "from": "@jlrwi/combinators@github:jlrwi/combinators"
    },
    "@jlrwi/curried-parseq": {
      "version": "git+ssh://git@github.com/jlrwi/curried-parseq.git#4cc8c056e91a82e2b54a1eeb4f43b048ec204253",
      "from": "@jlrwi/curried-parseq@github:jlrwi/curried-parseq"
    },
    "@jlrwi/esfunctions": {
      "version": "git+ssh://git@github.com/jlrwi/esfunctions.git#34c87ab3b0ab91490f00c3e74f7cefb485100a39",
      "from": "@jlrwi/esfunctions@github:jlrwi/esfunctions"
    },
    "@jlrwi/functional-timers": {
      "version": "git+ssh://git@github.com/jlrwi/functional-timers.git#fac5d9fafdb7fa623f81b6f3a864115c995cf5dd",
      "from": "@jlrwi/functional-timers@github:jlrwi/functional-timers"
    }
  }
}
