{
  "name": "@jlrwi/requestors",
  "version": "3.0.0",
  "lockfileVersion": 1,
  "requires": true,
  "dependencies": {
    "@jlrwi/combinators": {
      "version": "github:jlrwi/combinators#0d883dd0de85acc1c93a058308d21b1df2a4e7f7",
      "from": "github:jlrwi/combinators"
    },
    "@jlrwi/curried-parseq": {
      "version": "github:jlrwi/curried-parseq#4cc8c056e91a82e2b54a1eeb4f43b048ec204253",
      "from": "github:jlrwi/curried-parseq"
    },
    "@jlrwi/esfunctions": {
      "version": "github:jlrwi/esfunctions#5b1c3f620666b6422e68cef6441331b04e6e5227",
      "from": "github:jlrwi/esfunctions"
    }
  }
}
