{
  "name": "@jlrwi/requestors",
  "version": "1.1.0",
  "lockfileVersion": 2,
  "requires": true,
  "packages": {
    "": {
      "name": "@jlrwi/requestors",
      "version": "1.1.0",
      "license": "ISC",
      "dependencies": {
        "@jlrwi/combinators": "file:../combinators",
        "@jlrwi/esfunctions": "file:../esfunctions",
        "@jlrwi/parseq": "file:../parseq",
        "@jlrwi/requestor_type": "file:../requestor_type"
      }
    },
    "../combinators": {
      "name": "@jlrwi/combinators",
      "version": "1.1.0",
      "license": "ISC"
    },
    "../esfunctions": {
      "name": "@jlrwi/esfunctions",
      "version": "3.0.0",
      "license": "ISC",
      "devDependencies": {
        "@jlrwi/jscheck": "file:../jscheck"
      }
    },
    "../ESFunctions": {
      "name": "@jlrwi/esfunctions",
      "version": "3.0.0",
      "license": "ISC",
      "devDependencies": {
        "@jlrwi/jscheck": "file:../jscheck"
      }
    },
    "../parseq": {
      "name": "@jlrwi/parseq",
      "version": "1.2.1",
      "license": "ISC",
      "dependencies": {
        "@jlrwi/esfunctions": "file:../esfunctions"
      }
    },
    "../parseq/node_modules/@jlrwi/esfunctions": {
      "resolved": "../ESFunctions",
      "link": true
    },
    "../requestor_type": {
      "version": "1.0.0",
      "license": "ISC",
      "dependencies": {
        "@jlrwi/combinators": "file:..\\combinators",
        "@jlrwi/esfunctions": "file:..\\esfunctions"
      },
      "devDependencies": {
        "@jlrwi/adt_tests": "file:..\\adt_tests",
        "@jlrwi/jscheck": "file:..\\jscheck",
        "@jlrwi/parseq": "file:..\\parseq"
      }
    },
    "node_modules/@jlrwi/combinators": {
      "resolved": "../combinators",
      "link": true
    },
    "node_modules/@jlrwi/esfunctions": {
      "resolved": "../esfunctions",
      "link": true
    },
    "node_modules/@jlrwi/parseq": {
      "resolved": "../parseq",
      "link": true
    },
    "node_modules/@jlrwi/requestor_type": {
      "resolved": "../requestor_type",
      "link": true
    }
  },
  "dependencies": {
    "@jlrwi/combinators": {
      "version": "file:../combinators"
    },
    "@jlrwi/esfunctions": {
      "version": "file:../esfunctions",
      "requires": {
        "@jlrwi/jscheck": "file:../jscheck"
      }
    },
    "@jlrwi/parseq": {
      "version": "file:../parseq",
      "requires": {
        "@jlrwi/esfunctions": "file:../esfunctions"
      },
      "dependencies": {
        "@jlrwi/esfunctions": {
          "version": "file:../ESFunctions",
          "requires": {
            "@jlrwi/jscheck": "file:../jscheck"
          }
        }
      }
    },
    "@jlrwi/requestor_type": {
      "version": "file:../requestor_type",
      "requires": {
        "@jlrwi/adt_tests": "file:../adt_tests",
        "@jlrwi/combinators": "file:../combinators",
        "@jlrwi/esfunctions": "file:../esfunctions",
        "@jlrwi/jscheck": "file:../jscheck",
        "@jlrwi/parseq": "file:../parseq"
      }
    }
  }
}
